
Microsoft Visual Studio Solution File, Format Version 12.00
# Visual Studio Version 17
VisualStudioVersion = 17.5.33516.290
MinimumVisualStudioVersion = 10.0.40219.1
Project("{FAE04EC0-301F-11D3-BF4B-00C04F79EFBC}") = "CSharpEgitimKampi501", "CSharpEgitimKampi501.csproj", "{339A516F-2572-4C49-B38B-8240F5655064}"
EndProject
Global
	GlobalSection(SolutionConfigurationPlatforms) = preSolution
		Debug|Any CPU = Debug|Any CPU
		Release|Any CPU = Release|Any CPU
	EndGlobalSection
	GlobalSection(ProjectConfigurationPlatforms) = postSolution
		{339A516F-2572-4C49-B38B-8240F5655064}.Debug|Any CPU.ActiveCfg = Debug|Any CPU
		{339A516F-2572-4C49-B38B-8240F5655064}.Debug|Any CPU.Build.0 = Debug|Any CPU
		{339A516F-2572-4C49-B38B-8240F5655064}.Release|Any CPU.ActiveCfg = Release|Any CPU
		{339A516F-2572-4C49-B38B-8240F5655064}.Release|Any CPU.Build.0 = Release|Any CPU
	EndGlobalSection
	GlobalSection(SolutionProperties) = preSolution
		HideSolutionNode = FALSE
	EndGlobalSection
	GlobalSection(ExtensibilityGlobals) = postSolution
		SolutionGuid = {7B4EE2B3-BD95-44FF-9436-3DA834A9C177}
	EndGlobalSection
EndGlobal
